github.com/k2-fsa/sherpa-onnx-go-linux v1.5.5 h1:A7N2uio/qsrtwMO3D2KloLEBlzLsYMRgcKx9jVeq1xk=
github.com/k2-fsa/sherpa-onnx-go-linux v1.5.5/go.mod h1:lHZRU/WtBUJetJVPyXHg092diEWYyIEoaob+LMJKWvo=
github.com/k2-fsa/sherpa-onnx-go-macos v1.5.5 h1:S8o7rJMXuzf6Fzi7MXKlBPTnv2ic5a5KMn3d9KJ45gQ=
github.com/k2-fsa/sherpa-onnx-go-macos v1.5.5/go.mod h1:o1Cd6Zy+Tpq3bLAWqBoVcDenxi8HSaSubURtbtIqH2s=
github.com/k2-fsa/sherpa-onnx-go-windows v1.5.5 h1:7+RyRugpibpA4TvRrvU885qiSkEzntxMo7Aq+xzV3F0=
github.com/k2-fsa/sherpa-onnx-go-windows v1.5.5/go.mod h1:R7JSrFkZGkfM/F/gVSR+yTJ+sPaHhJgdqsB5N7dTU6E=
