github.com/k2-fsa/sherpa-onnx-go-linux v1.7.8 h1:Cdr+F8blQJ/6tnToyPRoFcgXi6qQDXScAW0rr6borho=
github.com/k2-fsa/sherpa-onnx-go-linux v1.7.8/go.mod h1:lHZRU/WtBUJetJVPyXHg092diEWYyIEoaob+LMJKWvo=
github.com/k2-fsa/sherpa-onnx-go-macos v1.7.8 h1:DTv7H8BHhXFmmih29zeRTATEqbTnhtXIRHmEpmWFUlw=
github.com/k2-fsa/sherpa-onnx-go-macos v1.7.8/go.mod h1:o1Cd6Zy+Tpq3bLAWqBoVcDenxi8HSaSubURtbtIqH2s=
github.com/k2-fsa/sherpa-onnx-go-windows v1.7.8 h1:JL6g4bPuqRmL9A5Y5FzB4MkHvun9/asPn5L2RzcLgGM=
github.com/k2-fsa/sherpa-onnx-go-windows v1.7.8/go.mod h1:R7JSrFkZGkfM/F/gVSR+yTJ+sPaHhJgdqsB5N7dTU6E=
